
Microsoft Visual Studio Solution File, Format Version 12.00
# Visual Studio Version 16
VisualStudioVersion = 16.0.31129.286
MinimumVisualStudioVersion = 10.0.40219.1
Project("{FAE04EC0-301F-11D3-BF4B-00C04F79EFBC}") = "baitap2", "BT_Thuc_Hanh_ASP_NET_27_8\baitap2.csproj", "{2BE2BD3C-B04A-46AE-8946-1F7278B8615E}"
EndProject
Global
	GlobalSection(SolutionConfigurationPlatforms) = preSolution
		Debug|Any CPU = Debug|Any CPU
		Release|Any CPU = Release|Any CPU
	EndGlobalSection
	GlobalSection(ProjectConfigurationPlatforms) = postSolution
		{2BE2BD3C-B04A-46AE-8946-1F7278B8615E}.Debug|Any CPU.ActiveCfg = Debug|Any CPU
		{2BE2BD3C-B04A-46AE-8946-1F7278B8615E}.Debug|Any CPU.Build.0 = Debug|Any CPU
		{2BE2BD3C-B04A-46AE-8946-1F7278B8615E}.Release|Any CPU.ActiveCfg = Release|Any CPU
		{2BE2BD3C-B04A-46AE-8946-1F7278B8615E}.Release|Any CPU.Build.0 = Release|Any CPU
	EndGlobalSection
	GlobalSection(SolutionProperties) = preSolution
		HideSolutionNode = FALSE
	EndGlobalSection
	GlobalSection(ExtensibilityGlobals) = postSolution
		SolutionGuid = {1F71C350-561A-4015-8119-F3E317B86A4C}
	EndGlobalSection
EndGlobal
